
Microsoft Visual Studio Solution File, Format Version 12.00
# Visual Studio 15
VisualStudioVersion = 15.0.28307.779
MinimumVisualStudioVersion = 10.0.40219.1
Project("{FAE04EC0-301F-11D3-BF4B-00C04F79EFBC}") = "QuranicQuizzes", "QuranicQuizzes\QuranicQuizzes\QuranicQuizzes.csproj", "{A7911A8E-BE71-49EB-B019-0181DE65F904}"
EndProject
Project("{FAE04EC0-301F-11D3-BF4B-00C04F79EFBC}") = "QuranicQuizzes.Android", "QuranicQuizzes\QuranicQuizzes.Android\QuranicQuizzes.Android.csproj", "{34A59F1A-2F0B-4E25-B56F-433AA23228CB}"
EndProject
Project("{FAE04EC0-301F-11D3-BF4B-00C04F79EFBC}") = "QuranicQuizzes.iOS", "QuranicQuizzes\QuranicQuizzes.iOS\QuranicQuizzes.iOS.csproj", "{C8D2B164-4D7C-48DC-A4D1-706244D547AC}"
EndProject
Global
	GlobalSection(SolutionConfigurationPlatforms) = preSolution
		Ad-Hoc|Any CPU = Ad-Hoc|Any CPU
		Ad-Hoc|iPhone = Ad-Hoc|iPhone
		Ad-Hoc|iPhoneSimulator = Ad-Hoc|iPhoneSimulator
		AppStore|Any CPU = AppStore|Any CPU
		AppStore|iPhone = AppStore|iPhone
		AppStore|iPhoneSimulator = AppStore|iPhoneSimulator
		Debug|Any CPU = Debug|Any CPU
		Debug|iPhone = Debug|iPhone
		Debug|iPhoneSimulator = Debug|iPhoneSimulator
		Release|Any CPU = Release|Any CPU
		Release|iPhone = Release|iPhone
		Release|iPhoneSimulator = Release|iPhoneSimulator
	EndGlobalSection
	GlobalSection(ProjectConfigurationPlatforms) = postSolution
		{A7911A8E-BE71-49EB-B019-0181DE65F904}.Ad-Hoc|Any CPU.ActiveCfg = Debug|Any CPU
		{A7911A8E-BE71-49EB-B019-0181DE65F904}.Ad-Hoc|Any CPU.Build.0 = Debug|Any CPU
		{A7911A8E-BE71-49EB-B019-0181DE65F904}.Ad-Hoc|iPhone.ActiveCfg = Debug|Any CPU
		{A7911A8E-BE71-49EB-B019-0181DE65F904}.Ad-Hoc|iPhone.Build.0 = Debug|Any CPU
		{A7911A8E-BE71-49EB-B019-0181DE65F904}.Ad-Hoc|iPhoneSimulator.ActiveCfg = Debug|Any CPU
		{A7911A8E-BE71-49EB-B019-0181DE65F904}.Ad-Hoc|iPhoneSimulator.Build.0 = Debug|Any CPU
		{A7911A8E-BE71-49EB-B019-0181DE65F904}.AppStore|Any CPU.ActiveCfg = Debug|Any CPU
		{A7911A8E-BE71-49EB-B019-0181DE65F904}.AppStore|Any CPU.Build.0 = Debug|Any CPU
		{A7911A8E-BE71-49EB-B019-0181DE65F904}.AppStore|iPhone.ActiveCfg = Debug|Any CPU
		{A7911A8E-BE71-49EB-B019-0181DE65F904}.AppStore|iPhone.Build.0 = Debug|Any CPU
		{A7911A8E-BE71-49EB-B019-0181DE65F904}.AppStore|iPhoneSimulator.ActiveCfg = Debug|Any CPU
		{A7911A8E-BE71-49EB-B019-0181DE65F904}.AppStore|iPhoneSimulator.Build.0 = Debug|Any CPU
		{A7911A8E-BE71-49EB-B019-0181DE65F904}.Debug|Any CPU.ActiveCfg = Debug|Any CPU
		{A7911A8E-BE71-49EB-B019-0181DE65F904}.Debug|Any CPU.Build.0 = Debug|Any CPU
		{A7911A8E-BE71-49EB-B019-0181DE65F904}.Debug|iPhone.ActiveCfg = Debug|Any CPU
		{A7911A8E-BE71-49EB-B019-0181DE65F904}.Debug|iPhone.Build.0 = Debug|Any CPU
		{A7911A8E-BE71-49EB-B019-0181DE65F904}.Debug|iPhoneSimulator.ActiveCfg = Debug|Any CPU
		{A7911A8E-BE71-49EB-B019-0181DE65F904}.Debug|iPhoneSimulator.Build.0 = Debug|Any CPU
		{A7911A8E-BE71-49EB-B019-0181DE65F904}.Release|Any CPU.ActiveCfg = Release|Any CPU
		{A7911A8E-BE71-49EB-B019-0181DE65F904}.Release|Any CPU.Build.0 = Release|Any CPU
		{A7911A8E-BE71-49EB-B019-0181DE65F904}.Release|iPhone.ActiveCfg = Release|Any CPU
		{A7911A8E-BE71-49EB-B019-0181DE65F904}.Release|iPhone.Build.0 = Release|Any CPU
		{A7911A8E-BE71-49EB-B019-0181DE65F904}.Release|iPhoneSimulator.ActiveCfg = Release|Any CPU
		{A7911A8E-BE71-49EB-B019-0181DE65F904}.Release|iPhoneSimulator.Build.0 = Release|Any CPU
		{34A59F1A-2F0B-4E25-B56F-433AA23228CB}.Ad-Hoc|Any CPU.ActiveCfg = Release|Any CPU
		{34A59F1A-2F0B-4E25-B56F-433AA23228CB}.Ad-Hoc|Any CPU.Build.0 = Release|Any CPU
		{34A59F1A-2F0B-4E25-B56F-433AA23228CB}.Ad-Hoc|Any CPU.Deploy.0 = Release|Any CPU
		{34A59F1A-2F0B-4E25-B56F-433AA23228CB}.Ad-Hoc|iPhone.ActiveCfg = Release|Any CPU
		{34A59F1A-2F0B-4E25-B56F-433AA23228CB}.Ad-Hoc|iPhone.Build.0 = Release|Any CPU
		{34A59F1A-2F0B-4E25-B56F-433AA23228CB}.Ad-Hoc|iPhone.Deploy.0 = Release|Any CPU
		{34A59F1A-2F0B-4E25-B56F-433AA23228CB}.Ad-Hoc|iPhoneSimulator.ActiveCfg = Release|Any CPU
		{34A59F1A-2F0B-4E25-B56F-433AA23228CB}.Ad-Hoc|iPhoneSimulator.Build.0 = Release|Any CPU
		{34A59F1A-2F0B-4E25-B56F-433AA23228CB}.Ad-Hoc|iPhoneSimulator.Deploy.0 = Release|Any CPU
		{34A59F1A-2F0B-4E25-B56F-433AA23228CB}.AppStore|Any CPU.ActiveCfg = Release|Any CPU
		{34A59F1A-2F0B-4E25-B56F-433AA23228CB}.AppStore|Any CPU.Build.0 = Release|Any CPU
		{34A59F1A-2F0B-4E25-B56F-433AA23228CB}.AppStore|Any CPU.Deploy.0 = Release|Any CPU
		{34A59F1A-2F0B-4E25-B56F-433AA23228CB}.AppStore|iPhone.ActiveCfg = Release|Any CPU
		{34A59F1A-2F0B-4E25-B56F-433AA23228CB}.AppStore|iPhone.Build.0 = Release|Any CPU
		{34A59F1A-2F0B-4E25-B56F-433AA23228CB}.AppStore|iPhone.Deploy.0 = Release|Any CPU
		{34A59F1A-2F0B-4E25-B56F-433AA23228CB}.AppStore|iPhoneSimulator.ActiveCfg = Release|Any CPU
		{34A59F1A-2F0B-4E25-B56F-433AA23228CB}.AppStore|iPhoneSimulator.Build.0 = Release|Any CPU
		{34A59F1A-2F0B-4E25-B56F-433AA23228CB}.AppStore|iPhoneSimulator.Deploy.0 = Release|Any CPU
		{34A59F1A-2F0B-4E25-B56F-433AA23228CB}.Debug|Any CPU.ActiveCfg = Debug|Any CPU
		{34A59F1A-2F0B-4E25-B56F-433AA23228CB}.Debug|Any CPU.Build.0 = Debug|Any CPU
		{34A59F1A-2F0B-4E25-B56F-433AA23228CB}.Debug|Any CPU.Deploy.0 = Debug|Any CPU
		{34A59F1A-2F0B-4E25-B56F-433AA23228CB}.Debug|iPhone.ActiveCfg = Debug|Any CPU
		{34A59F1A-2F0B-4E25-B56F-433AA23228CB}.Debug|iPhone.Build.0 = Debug|Any CPU
		{34A59F1A-2F0B-4E25-B56F-433AA23228CB}.Debug|iPhone.Deploy.0 = Debug|Any CPU
		{34A59F1A-2F0B-4E25-B56F-433AA23228CB}.Debug|iPhoneSimulator.ActiveCfg = Debug|Any CPU
		{34A59F1A-2F0B-4E25-B56F-433AA23228CB}.Debug|iPhoneSimulator.Build.0 = Debug|Any CPU
		{34A59F1A-2F0B-4E25-B56F-433AA23228CB}.Debug|iPhoneSimulator.Deploy.0 = Debug|Any CPU
		{34A59F1A-2F0B-4E25-B56F-433AA23228CB}.Release|Any CPU.ActiveCfg = Release|Any CPU
		{34A59F1A-2F0B-4E25-B56F-433AA23228CB}.Release|Any CPU.Build.0 = Release|Any CPU
		{34A59F1A-2F0B-4E25-B56F-433AA23228CB}.Release|Any CPU.Deploy.0 = Release|Any CPU
		{34A59F1A-2F0B-4E25-B56F-433AA23228CB}.Release|iPhone.ActiveCfg = Release|Any CPU
		{34A59F1A-2F0B-4E25-B56F-433AA23228CB}.Release|iPhone.Build.0 = Release|Any CPU
		{34A59F1A-2F0B-4E25-B56F-433AA23228CB}.Release|iPhone.Deploy.0 = Release|Any CPU
		{34A59F1A-2F0B-4E25-B56F-433AA23228CB}.Release|iPhoneSimulator.ActiveCfg = Release|Any CPU
		{34A59F1A-2F0B-4E25-B56F-433AA23228CB}.Release|iPhoneSimulator.Build.0 = Release|Any CPU
		{34A59F1A-2F0B-4E25-B56F-433AA23228CB}.Release|iPhoneSimulator.Deploy.0 = Release|Any CPU
		{C8D2B164-4D7C-48DC-A4D1-706244D547AC}.Ad-Hoc|Any CPU.ActiveCfg = Ad-Hoc|iPhone
		{C8D2B164-4D7C-48DC-A4D1-706244D547AC}.Ad-Hoc|iPhone.ActiveCfg = Ad-Hoc|iPhone
		{C8D2B164-4D7C-48DC-A4D1-706244D547AC}.Ad-Hoc|iPhone.Build.0 = Ad-Hoc|iPhone
		{C8D2B164-4D7C-48DC-A4D1-706244D547AC}.Ad-Hoc|iPhoneSimulator.ActiveCfg = Ad-Hoc|iPhoneSimulator
		{C8D2B164-4D7C-48DC-A4D1-706244D547AC}.Ad-Hoc|iPhoneSimulator.Build.0 = Ad-Hoc|iPhoneSimulator
		{C8D2B164-4D7C-48DC-A4D1-706244D547AC}.AppStore|Any CPU.ActiveCfg = AppStore|iPhone
		{C8D2B164-4D7C-48DC-A4D1-706244D547AC}.AppStore|iPhone.ActiveCfg = AppStore|iPhone
		{C8D2B164-4D7C-48DC-A4D1-706244D547AC}.AppStore|iPhone.Build.0 = AppStore|iPhone
		{C8D2B164-4D7C-48DC-A4D1-706244D547AC}.AppStore|iPhoneSimulator.ActiveCfg = AppStore|iPhoneSimulator
		{C8D2B164-4D7C-48DC-A4D1-706244D547AC}.AppStore|iPhoneSimulator.Build.0 = AppStore|iPhoneSimulator
		{C8D2B164-4D7C-48DC-A4D1-706244D547AC}.Debug|Any CPU.ActiveCfg = Debug|iPhone
		{C8D2B164-4D7C-48DC-A4D1-706244D547AC}.Debug|iPhone.ActiveCfg = Debug|iPhone
		{C8D2B164-4D7C-48DC-A4D1-706244D547AC}.Debug|iPhone.Build.0 = Debug|iPhone
		{C8D2B164-4D7C-48DC-A4D1-706244D547AC}.Debug|iPhoneSimulator.ActiveCfg = Debug|iPhoneSimulator
		{C8D2B164-4D7C-48DC-A4D1-706244D547AC}.Debug|iPhoneSimulator.Build.0 = Debug|iPhoneSimulator
		{C8D2B164-4D7C-48DC-A4D1-706244D547AC}.Release|Any CPU.ActiveCfg = Release|iPhone
		{C8D2B164-4D7C-48DC-A4D1-706244D547AC}.Release|iPhone.ActiveCfg = Release|iPhone
		{C8D2B164-4D7C-48DC-A4D1-706244D547AC}.Release|iPhone.Build.0 = Release|iPhone
		{C8D2B164-4D7C-48DC-A4D1-706244D547AC}.Release|iPhoneSimulator.ActiveCfg = Release|iPhoneSimulator
		{C8D2B164-4D7C-48DC-A4D1-706244D547AC}.Release|iPhoneSimulator.Build.0 = Release|iPhoneSimulator
	EndGlobalSection
	GlobalSection(SolutionProperties) = preSolution
		HideSolutionNode = FALSE
	EndGlobalSection
	GlobalSection(ExtensibilityGlobals) = postSolution
		SolutionGuid = {C7295CC6-9E21-4F14-B8E3-09C3E2932238}
	EndGlobalSection
EndGlobal
